// !$*UTF8*$!
{
	archiveVersion = 1;
	classes = {
	};
	objectVersion = 56;
	objects = {

/* Begin PBXBuildFile section */
		FCA414672C3D551700886656 /* PreviewProvider+ext.swift in Sources */ = {isa = PBXBuildFile; fileRef = FCA414662C3D551700886656 /* PreviewProvider+ext.swift */; };
		FCA414692C3D576F00886656 /* CoinRowView.swift in Sources */ = {isa = PBXBuildFile; fileRef = FCA414682C3D576F00886656 /* CoinRowView.swift */; };
		FCA4146B2C3D5CDC00886656 /* Double+ext.swift in Sources */ = {isa = PBXBuildFile; fileRef = FCA4146A2C3D5CDC00886656 /* Double+ext.swift */; };
		FCA4146D2C3D873800886656 /* HomeViewModel.swift in Sources */ = {isa = PBXBuildFile; fileRef = FCA4146C2C3D873800886656 /* HomeViewModel.swift */; };
		FCA414702C3D926600886656 /* CoinDataService.swift in Sources */ = {isa = PBXBuildFile; fileRef = FCA4146F2C3D926600886656 /* CoinDataService.swift */; };
		FCED91EF2C3C46C100BA0275 /* MobileCryptoApp.swift in Sources */ = {isa = PBXBuildFile; fileRef = FCED91EE2C3C46C100BA0275 /* MobileCryptoApp.swift */; };
		FCED91F32C3C46C300BA0275 /* Assets.xcassets in Resources */ = {isa = PBXBuildFile; fileRef = FCED91F22C3C46C300BA0275 /* Assets.xcassets */; };
		FCED91F62C3C46C400BA0275 /* Preview Assets.xcassets in Resources */ = {isa = PBXBuildFile; fileRef = FCED91F52C3C46C400BA0275 /* Preview Assets.xcassets */; };
		FCED92002C3C489500BA0275 /* Color+ext.swift in Sources */ = {isa = PBXBuildFile; fileRef = FCED91FF2C3C489500BA0275 /* Color+ext.swift */; };
		FCED92052C3C4A9000BA0275 /* HomeScreen.swift in Sources */ = {isa = PBXBuildFile; fileRef = FCED92042C3C4A9000BA0275 /* HomeScreen.swift */; };
		FCED92082C3C4BE300BA0275 /* CircleButtonView.swift in Sources */ = {isa = PBXBuildFile; fileRef = FCED92072C3C4BE300BA0275 /* CircleButtonView.swift */; };
		FCED920A2C3C531700BA0275 /* CircleButtonAnimationView.swift in Sources */ = {isa = PBXBuildFile; fileRef = FCED92092C3C531700BA0275 /* CircleButtonAnimationView.swift */; };
		FCED920D2C3C6CCD00BA0275 /* Coin.swift in Sources */ = {isa = PBXBuildFile; fileRef = FCED920C2C3C6CCD00BA0275 /* Coin.swift */; };
/* End PBXBuildFile section */

/* Begin PBXFileReference section */
		FCA414662C3D551700886656 /* PreviewProvider+ext.swift */ = {isa = PBXFileReference; lastKnownFileType = sourcecode.swift; path = "PreviewProvider+ext.swift"; sourceTree = "<group>"; };
		FCA414682C3D576F00886656 /* CoinRowView.swift */ = {isa = PBXFileReference; lastKnownFileType = sourcecode.swift; path = CoinRowView.swift; sourceTree = "<group>"; };
		FCA4146A2C3D5CDC00886656 /* Double+ext.swift */ = {isa = PBXFileReference; lastKnownFileType = sourcecode.swift; path = "Double+ext.swift"; sourceTree = "<group>"; };
		FCA4146C2C3D873800886656 /* HomeViewModel.swift */ = {isa = PBXFileReference; lastKnownFileType = sourcecode.swift; path = HomeViewModel.swift; sourceTree = "<group>"; };
		FCA4146F2C3D926600886656 /* CoinDataService.swift */ = {isa = PBXFileReference; lastKnownFileType = sourcecode.swift; path = CoinDataService.swift; sourceTree = "<group>"; };
		FCED91EB2C3C46C100BA0275 /* MobileCrypto.app */ = {isa = PBXFileReference; explicitFileType = wrapper.application; includeInIndex = 0; path = MobileCrypto.app; sourceTree = BUILT_PRODUCTS_DIR; };
		FCED91EE2C3C46C100BA0275 /* MobileCryptoApp.swift */ = {isa = PBXFileReference; lastKnownFileType = sourcecode.swift; path = MobileCryptoApp.swift; sourceTree = "<group>"; };
		FCED91F22C3C46C300BA0275 /* Assets.xcassets */ = {isa = PBXFileReference; lastKnownFileType = folder.assetcatalog; path = Assets.xcassets; sourceTree = "<group>"; };
		FCED91F52C3C46C400BA0275 /* Preview Assets.xcassets */ = {isa = PBXFileReference; lastKnownFileType = folder.assetcatalog; path = "Preview Assets.xcassets"; sourceTree = "<group>"; };
		FCED91FF2C3C489500BA0275 /* Color+ext.swift */ = {isa = PBXFileReference; lastKnownFileType = sourcecode.swift; path = "Color+ext.swift"; sourceTree = "<group>"; };
		FCED92042C3C4A9000BA0275 /* HomeScreen.swift */ = {isa = PBXFileReference; lastKnownFileType = sourcecode.swift; path = HomeScreen.swift; sourceTree = "<group>"; };
		FCED92072C3C4BE300BA0275 /* CircleButtonView.swift */ = {isa = PBXFileReference; lastKnownFileType = sourcecode.swift; path = CircleButtonView.swift; sourceTree = "<group>"; };
		FCED92092C3C531700BA0275 /* CircleButtonAnimationView.swift */ = {isa = PBXFileReference; lastKnownFileType = sourcecode.swift; path = CircleButtonAnimationView.swift; sourceTree = "<group>"; };
		FCED920C2C3C6CCD00BA0275 /* Coin.swift */ = {isa = PBXFileReference; lastKnownFileType = sourcecode.swift; path = Coin.swift; sourceTree = "<group>"; };
/* End PBXFileReference section */

/* Begin PBXFrameworksBuildPhase section */
		FCED91E82C3C46C100BA0275 /* Frameworks */ = {
			isa = PBXFrameworksBuildPhase;
			buildActionMask = 2147483647;
			files = (
			);
			runOnlyForDeploymentPostprocessing = 0;
		};
/* End PBXFrameworksBuildPhase section */

/* Begin PBXGroup section */
		FCA4146E2C3D924D00886656 /* Services */ = {
			isa = PBXGroup;
			children = (
				FCA4146F2C3D926600886656 /* CoinDataService.swift */,
			);
			path = Services;
			sourceTree = "<group>";
		};
		FCED91E22C3C46C100BA0275 = {
			isa = PBXGroup;
			children = (
				FCED91ED2C3C46C100BA0275 /* MobileCrypto */,
				FCED91EC2C3C46C100BA0275 /* Products */,
			);
			sourceTree = "<group>";
		};
		FCED91EC2C3C46C100BA0275 /* Products */ = {
			isa = PBXGroup;
			children = (
				FCED91EB2C3C46C100BA0275 /* MobileCrypto.app */,
			);
			name = Products;
			sourceTree = "<group>";
		};
		FCED91ED2C3C46C100BA0275 /* MobileCrypto */ = {
			isa = PBXGroup;
			children = (
				FCED91FD2C3C485700BA0275 /* App */,
				FCED91FC2C3C484300BA0275 /* Modules */,
				FCED920B2C3C6CB900BA0275 /* Models */,
				FCA4146E2C3D924D00886656 /* Services */,
				FCED91FE2C3C485E00BA0275 /* Utilities */,
				FCED91F42C3C46C400BA0275 /* Preview Content */,
			);
			path = MobileCrypto;
			sourceTree = "<group>";
		};
		FCED91F42C3C46C400BA0275 /* Preview Content */ = {
			isa = PBXGroup;
			children = (
				FCED91F52C3C46C400BA0275 /* Preview Assets.xcassets */,
			);
			path = "Preview Content";
			sourceTree = "<group>";
		};
		FCED91FC2C3C484300BA0275 /* Modules */ = {
			isa = PBXGroup;
			children = (
				FCED92062C3C4BB700BA0275 /* Components */,
				FCED92012C3C4A6800BA0275 /* Home */,
			);
			path = Modules;
			sourceTree = "<group>";
		};
		FCED91FD2C3C485700BA0275 /* App */ = {
			isa = PBXGroup;
			children = (
				FCED91F22C3C46C300BA0275 /* Assets.xcassets */,
				FCED91EE2C3C46C100BA0275 /* MobileCryptoApp.swift */,
			);
			path = App;
			sourceTree = "<group>";
		};
		FCED91FE2C3C485E00BA0275 /* Utilities */ = {
			isa = PBXGroup;
			children = (
				FCED91FF2C3C489500BA0275 /* Color+ext.swift */,
				FCA414662C3D551700886656 /* PreviewProvider+ext.swift */,
				FCA4146A2C3D5CDC00886656 /* Double+ext.swift */,
			);
			path = Utilities;
			sourceTree = "<group>";
		};
		FCED92012C3C4A6800BA0275 /* Home */ = {
			isa = PBXGroup;
			children = (
				FCED92032C3C4A7300BA0275 /* ViewModels */,
				FCED92022C3C4A6E00BA0275 /* Views */,
			);
			path = Home;
			sourceTree = "<group>";
		};
		FCED92022C3C4A6E00BA0275 /* Views */ = {
			isa = PBXGroup;
			children = (
				FCED92042C3C4A9000BA0275 /* HomeScreen.swift */,
				FCA414682C3D576F00886656 /* CoinRowView.swift */,
			);
			path = Views;
			sourceTree = "<group>";
		};
		FCED92032C3C4A7300BA0275 /* ViewModels */ = {
			isa = PBXGroup;
			children = (
				FCA4146C2C3D873800886656 /* HomeViewModel.swift */,
			);
			path = ViewModels;
			sourceTree = "<group>";
		};
		FCED92062C3C4BB700BA0275 /* Components */ = {
			isa = PBXGroup;
			children = (
				FCED92072C3C4BE300BA0275 /* CircleButtonView.swift */,
				FCED92092C3C531700BA0275 /* CircleButtonAnimationView.swift */,
			);
			path = Components;
			sourceTree = "<group>";
		};
		FCED920B2C3C6CB900BA0275 /* Models */ = {
			isa = PBXGroup;
			children = (
				FCED920C2C3C6CCD00BA0275 /* Coin.swift */,
			);
			path = Models;
			sourceTree = "<group>";
		};
/* End PBXGroup section */

/* Begin PBXNativeTarget section */
		FCED91EA2C3C46C100BA0275 /* MobileCrypto */ = {
			isa = PBXNativeTarget;
			buildConfigurationList = FCED91F92C3C46C400BA0275 /* Build configuration list for PBXNativeTarget "MobileCrypto" */;
			buildPhases = (
				FCED91E72C3C46C100BA0275 /* Sources */,
				FCED91E82C3C46C100BA0275 /* Frameworks */,
				FCED91E92C3C46C100BA0275 /* Resources */,
			);
			buildRules = (
			);
			dependencies = (
			);
			name = MobileCrypto;
			productName = MobileCrypto;
			productReference = FCED91EB2C3C46C100BA0275 /* MobileCrypto.app */;
			productType = "com.apple.product-type.application";
		};
/* End PBXNativeTarget section */

/* Begin PBXProject section */
		FCED91E32C3C46C100BA0275 /* Project object */ = {
			isa = PBXProject;
			attributes = {
				BuildIndependentTargetsInParallel = 1;
				LastSwiftUpdateCheck = 1520;
				LastUpgradeCheck = 1520;
				TargetAttributes = {
					FCED91EA2C3C46C100BA0275 = {
						CreatedOnToolsVersion = 15.2;
					};
				};
			};
			buildConfigurationList = FCED91E62C3C46C100BA0275 /* Build configuration list for PBXProject "MobileCrypto" */;
			compatibilityVersion = "Xcode 14.0";
			developmentRegion = en;
			hasScannedForEncodings = 0;
			knownRegions = (
				en,
				Base,
			);
			mainGroup = FCED91E22C3C46C100BA0275;
			productRefGroup = FCED91EC2C3C46C100BA0275 /* Products */;
			projectDirPath = "";
			projectRoot = "";
			targets = (
				FCED91EA2C3C46C100BA0275 /* MobileCrypto */,
			);
		};
/* End PBXProject section */

/* Begin PBXResourcesBuildPhase section */
		FCED91E92C3C46C100BA0275 /* Resources */ = {
			isa = PBXResourcesBuildPhase;
			buildActionMask = 2147483647;
			files = (
				FCED91F62C3C46C400BA0275 /* Preview Assets.xcassets in Resources */,
				FCED91F32C3C46C300BA0275 /* Assets.xcassets in Resources */,
			);
			runOnlyForDeploymentPostprocessing = 0;
		};
/* End PBXResourcesBuildPhase section */

/* Begin PBXSourcesBuildPhase section */
		FCED91E72C3C46C100BA0275 /* Sources */ = {
			isa = PBXSourcesBuildPhase;
			buildActionMask = 2147483647;
			files = (
				FCA414692C3D576F00886656 /* CoinRowView.swift in Sources */,
				FCA4146D2C3D873800886656 /* HomeViewModel.swift in Sources */,
				FCED92052C3C4A9000BA0275 /* HomeScreen.swift in Sources */,
				FCED92002C3C489500BA0275 /* Color+ext.swift in Sources */,
				FCED92082C3C4BE300BA0275 /* CircleButtonView.swift in Sources */,
				FCED91EF2C3C46C100BA0275 /* MobileCryptoApp.swift in Sources */,
				FCA4146B2C3D5CDC00886656 /* Double+ext.swift in Sources */,
				FCA414672C3D551700886656 /* PreviewProvider+ext.swift in Sources */,
				FCED920A2C3C531700BA0275 /* CircleButtonAnimationView.swift in Sources */,
				FCED920D2C3C6CCD00BA0275 /* Coin.swift in Sources */,
				FCA414702C3D926600886656 /* CoinDataService.swift in Sources */,
			);
			runOnlyForDeploymentPostprocessing = 0;
		};
/* End PBXSourcesBuildPhase section */

/* Begin XCBuildConfiguration section */
		FCED91F72C3C46C400BA0275 /* Debug */ = {
			isa = XCBuildConfiguration;
			buildSettings = {
				ALWAYS_SEARCH_USER_PATHS = NO;
				ASSETCATALOG_COMPILER_GENERATE_SWIFT_ASSET_SYMBOL_EXTENSIONS = YES;
				CLANG_ANALYZER_NONNULL = YES;
				CLANG_ANALYZER_NUMBER_OBJECT_CONVERSION = YES_AGGRESSIVE;
				CLANG_CXX_LANGUAGE_STANDARD = "gnu++20";
				CLANG_ENABLE_MODULES = YES;
				CLANG_ENABLE_OBJC_ARC = YES;
				CLANG_ENABLE_OBJC_WEAK = YES;
				CLANG_WARN_BLOCK_CAPTURE_AUTORELEASING = YES;
				CLANG_WARN_BOOL_CONVERSION = YES;
				CLANG_WARN_COMMA = YES;
				CLANG_WARN_CONSTANT_CONVERSION = YES;
				CLANG_WARN_DEPRECATED_OBJC_IMPLEMENTATIONS = YES;
				CLANG_WARN_DIRECT_OBJC_ISA_USAGE = YES_ERROR;
				CLANG_WARN_DOCUMENTATION_COMMENTS = YES;
				CLANG_WARN_EMPTY_BODY = YES;
				CLANG_WARN_ENUM_CONVERSION = YES;
				CLANG_WARN_INFINITE_RECURSION = YES;
				CLANG_WARN_INT_CONVERSION = YES;
				CLANG_WARN_NON_LITERAL_NULL_CONVERSION = YES;
				CLANG_WARN_OBJC_IMPLICIT_RETAIN_SELF = YES;
				CLANG_WARN_OBJC_LITERAL_CONVERSION = YES;
				CLANG_WARN_OBJC_ROOT_CLASS = YES_ERROR;
				CLANG_WARN_QUOTED_INCLUDE_IN_FRAMEWORK_HEADER = YES;
				CLANG_WARN_RANGE_LOOP_ANALYSIS = YES;
				CLANG_WARN_STRICT_PROTOTYPES = YES;
				CLANG_WARN_SUSPICIOUS_MOVE = YES;
				CLANG_WARN_UNGUARDED_AVAILABILITY = YES_AGGRESSIVE;
				CLANG_WARN_UNREACHABLE_CODE = YES;
				CLANG_WARN__DUPLICATE_METHOD_MATCH = YES;
				COPY_PHASE_STRIP = NO;
				DEBUG_INFORMATION_FORMAT = dwarf;
				ENABLE_STRICT_OBJC_MSGSEND = YES;
				ENABLE_TESTABILITY = YES;
				ENABLE_USER_SCRIPT_SANDBOXING = YES;
				GCC_C_LANGUAGE_STANDARD = gnu17;
				GCC_DYNAMIC_NO_PIC = NO;
				GCC_NO_COMMON_BLOCKS = YES;
				GCC_OPTIMIZATION_LEVEL = 0;
				GCC_PREPROCESSOR_DEFINITIONS = (
					"DEBUG=1",
					"$(inherited)",
				);
				GCC_WARN_64_TO_32_BIT_CONVERSION = YES;
				GCC_WARN_ABOUT_RETURN_TYPE = YES_ERROR;
				GCC_WARN_UNDECLARED_SELECTOR = YES;
				GCC_WARN_UNINITIALIZED_AUTOS = YES_AGGRESSIVE;
				GCC_WARN_UNUSED_FUNCTION = YES;
				GCC_WARN_UNUSED_VARIABLE = YES;
				IPHONEOS_DEPLOYMENT_TARGET = 17.2;
				LOCALIZATION_PREFERS_STRING_CATALOGS = YES;
				MTL_ENABLE_DEBUG_INFO = INCLUDE_SOURCE;
				MTL_FAST_MATH = YES;
				ONLY_ACTIVE_ARCH = YES;
				SDKROOT = iphoneos;
				SWIFT_ACTIVE_COMPILATION_CONDITIONS = "DEBUG $(inherited)";
				SWIFT_OPTIMIZATION_LEVEL = "-Onone";
			};
			name = Debug;
		};
		FCED91F82C3C46C400BA0275 /* Release */ = {
			isa = XCBuildConfiguration;
			buildSettings = {
				ALWAYS_SEARCH_USER_PATHS = NO;
				ASSETCATALOG_COMPILER_GENERATE_SWIFT_ASSET_SYMBOL_EXTENSIONS = YES;
				CLANG_ANALYZER_NONNULL = YES;
				CLANG_ANALYZER_NUMBER_OBJECT_CONVERSION = YES_AGGRESSIVE;
				CLANG_CXX_LANGUAGE_STANDARD = "gnu++20";
				CLANG_ENABLE_MODULES = YES;
				CLANG_ENABLE_OBJC_ARC = YES;
				CLANG_ENABLE_OBJC_WEAK = YES;
				CLANG_WARN_BLOCK_CAPTURE_AUTORELEASING = YES;
				CLANG_WARN_BOOL_CONVERSION = YES;
				CLANG_WARN_COMMA = YES;
				CLANG_WARN_CONSTANT_CONVERSION = YES;
				CLANG_WARN_DEPRECATED_OBJC_IMPLEMENTATIONS = YES;
				CLANG_WARN_DIRECT_OBJC_ISA_USAGE = YES_ERROR;
				CLANG_WARN_DOCUMENTATION_COMMENTS = YES;
				CLANG_WARN_EMPTY_BODY = YES;
				CLANG_WARN_ENUM_CONVERSION = YES;
				CLANG_WARN_INFINITE_RECURSION = YES;
				CLANG_WARN_INT_CONVERSION = YES;
				CLANG_WARN_NON_LITERAL_NULL_CONVERSION = YES;
				CLANG_WARN_OBJC_IMPLICIT_RETAIN_SELF = YES;
				CLANG_WARN_OBJC_LITERAL_CONVERSION = YES;
				CLANG_WARN_OBJC_ROOT_CLASS = YES_ERROR;
				CLANG_WARN_QUOTED_INCLUDE_IN_FRAMEWORK_HEADER = YES;
				CLANG_WARN_RANGE_LOOP_ANALYSIS = YES;
				CLANG_WARN_STRICT_PROTOTYPES = YES;
				CLANG_WARN_SUSPICIOUS_MOVE = YES;
				CLANG_WARN_UNGUARDED_AVAILABILITY = YES_AGGRESSIVE;
				CLANG_WARN_UNREACHABLE_CODE = YES;
				CLANG_WARN__DUPLICATE_METHOD_MATCH = YES;
				COPY_PHASE_STRIP = NO;
				DEBUG_INFORMATION_FORMAT = "dwarf-with-dsym";
				ENABLE_NS_ASSERTIONS = NO;
				ENABLE_STRICT_OBJC_MSGSEND = YES;
				ENABLE_USER_SCRIPT_SANDBOXING = YES;
				GCC_C_LANGUAGE_STANDARD = gnu17;
				GCC_NO_COMMON_BLOCKS = YES;
				GCC_WARN_64_TO_32_BIT_CONVERSION = YES;
				GCC_WARN_ABOUT_RETURN_TYPE = YES_ERROR;
				GCC_WARN_UNDECLARED_SELECTOR = YES;
				GCC_WARN_UNINITIALIZED_AUTOS = YES_AGGRESSIVE;
				GCC_WARN_UNUSED_FUNCTION = YES;
				GCC_WARN_UNUSED_VARIABLE = YES;
				IPHONEOS_DEPLOYMENT_TARGET = 17.2;
				LOCALIZATION_PREFERS_STRING_CATALOGS = YES;
				MTL_ENABLE_DEBUG_INFO = NO;
				MTL_FAST_MATH = YES;
				SDKROOT = iphoneos;
				SWIFT_COMPILATION_MODE = wholemodule;
				VALIDATE_PRODUCT = YES;
			};
			name = Release;
		};
		FCED91FA2C3C46C400BA0275 /* Debug */ = {
			isa = XCBuildConfiguration;
			buildSettings = {
				ASSETCATALOG_COMPILER_APPICON_NAME = AppIcon;
				ASSETCATALOG_COMPILER_GLOBAL_ACCENT_COLOR_NAME = AccentColor;
				CODE_SIGN_STYLE = Automatic;
				CURRENT_PROJECT_VERSION = 1;
				DEVELOPMENT_ASSET_PATHS = "\"MobileCrypto/Preview Content\"";
				DEVELOPMENT_TEAM = CTY44DYVYJ;
				ENABLE_PREVIEWS = YES;
				GENERATE_INFOPLIST_FILE = YES;
				INFOPLIST_KEY_UIApplicationSceneManifest_Generation = YES;
				INFOPLIST_KEY_UIApplicationSupportsIndirectInputEvents = YES;
				INFOPLIST_KEY_UILaunchScreen_Generation = YES;
				INFOPLIST_KEY_UISupportedInterfaceOrientations_iPad = "UIInterfaceOrientationPortrait UIInterfaceOrientationPortraitUpsideDown UIInterfaceOrientationLandscapeLeft UIInterfaceOrientationLandscapeRight";
				INFOPLIST_KEY_UISupportedInterfaceOrientations_iPhone = "UIInterfaceOrientationPortrait UIInterfaceOrientationLandscapeLeft UIInterfaceOrientationLandscapeRight";
				LD_RUNPATH_SEARCH_PATHS = (
					"$(inherited)",
					"@executable_path/Frameworks",
				);
				MARKETING_VERSION = 1.0;
				PRODUCT_BUNDLE_IDENTIFIER = blessthedevil.MobileCrypto;
				PRODUCT_NAME = "$(TARGET_NAME)";
				SWIFT_EMIT_LOC_STRINGS = YES;
				SWIFT_VERSION = 5.0;
				TARGETED_DEVICE_FAMILY = "1,2";
			};
			name = Debug;
		};
		FCED91FB2C3C46C400BA0275 /* Release */ = {
			isa = XCBuildConfiguration;
			buildSettings = {
				ASSETCATALOG_COMPILER_APPICON_NAME = AppIcon;
				ASSETCATALOG_COMPILER_GLOBAL_ACCENT_COLOR_NAME = AccentColor;
				CODE_SIGN_STYLE = Automatic;
				CURRENT_PROJECT_VERSION = 1;
				DEVELOPMENT_ASSET_PATHS = "\"MobileCrypto/Preview Content\"";
				DEVELOPMENT_TEAM = CTY44DYVYJ;
				ENABLE_PREVIEWS = YES;
				GENERATE_INFOPLIST_FILE = YES;
				INFOPLIST_KEY_UIApplicationSceneManifest_Generation = YES;
				INFOPLIST_KEY_UIApplicationSupportsIndirectInputEvents = YES;
				INFOPLIST_KEY_UILaunchScreen_Generation = YES;
				INFOPLIST_KEY_UISupportedInterfaceOrientations_iPad = "UIInterfaceOrientationPortrait UIInterfaceOrientationPortraitUpsideDown UIInterfaceOrientationLandscapeLeft UIInterfaceOrientationLandscapeRight";
				INFOPLIST_KEY_UISupportedInterfaceOrientations_iPhone = "UIInterfaceOrientationPortrait UIInterfaceOrientationLandscapeLeft UIInterfaceOrientationLandscapeRight";
				LD_RUNPATH_SEARCH_PATHS = (
					"$(inherited)",
					"@executable_path/Frameworks",
				);
				MARKETING_VERSION = 1.0;
				PRODUCT_BUNDLE_IDENTIFIER = blessthedevil.MobileCrypto;
				PRODUCT_NAME = "$(TARGET_NAME)";
				SWIFT_EMIT_LOC_STRINGS = YES;
				SWIFT_VERSION = 5.0;
				TARGETED_DEVICE_FAMILY = "1,2";
			};
			name = Release;
		};
/* End XCBuildConfiguration section */

/* Begin XCConfigurationList section */
		FCED91E62C3C46C100BA0275 /* Build configuration list for PBXProject "MobileCrypto" */ = {
			isa = XCConfigurationList;
			buildConfigurations = (
				FCED91F72C3C46C400BA0275 /* Debug */,
				FCED91F82C3C46C400BA0275 /* Release */,
			);
			defaultConfigurationIsVisible = 0;
			defaultConfigurationName = Release;
		};
		FCED91F92C3C46C400BA0275 /* Build configuration list for PBXNativeTarget "MobileCrypto" */ = {
			isa = XCConfigurationList;
			buildConfigurations = (
				FCED91FA2C3C46C400BA0275 /* Debug */,
				FCED91FB2C3C46C400BA0275 /* Release */,
			);
			defaultConfigurationIsVisible = 0;
			defaultConfigurationName = Release;
		};
/* End XCConfigurationList section */
	};
	rootObject = FCED91E32C3C46C100BA0275 /* Project object */;
}
